// !$*UTF8*$!
{
	archiveVersion = 1;
	classes = {
	};
	objectVersion = 51;
	objects = {

/* Begin PBXBuildFile section */
		2C18E43E2A93B8018CBA3EE8 /* Pods_JustAnotherMeteoApp.framework in Frameworks */ = {isa = PBXBuildFile; fileRef = D423195ADFAF97F435D386DF /* Pods_JustAnotherMeteoApp.framework */; };
		47260568257D5AB700B4C874 /* APIConfiguration.swift in Sources */ = {isa = PBXBuildFile; fileRef = 47260565257D5AB700B4C874 /* APIConfiguration.swift */; };
		47260569257D5AB700B4C874 /* NetworkConstants.swift in Sources */ = {isa = PBXBuildFile; fileRef = 47260566257D5AB700B4C874 /* NetworkConstants.swift */; };
		4726056A257D5AB700B4C874 /* NetworkClient.swift in Sources */ = {isa = PBXBuildFile; fileRef = 47260567257D5AB700B4C874 /* NetworkClient.swift */; };
		47260571257EC2AE00B4C874 /* WeatherAPI.swift in Sources */ = {isa = PBXBuildFile; fileRef = 47260570257EC2AE00B4C874 /* WeatherAPI.swift */; };
		47260576257EC2BE00B4C874 /* WeatherAPIClient.swift in Sources */ = {isa = PBXBuildFile; fileRef = 47260575257EC2BE00B4C874 /* WeatherAPIClient.swift */; };
		47260585257ED07000B4C874 /* ForecastsResponse.swift in Sources */ = {isa = PBXBuildFile; fileRef = 47260584257ED07000B4C874 /* ForecastsResponse.swift */; };
		4726058A257ED0D700B4C874 /* City.swift in Sources */ = {isa = PBXBuildFile; fileRef = 47260589257ED0D700B4C874 /* City.swift */; };
		4726058F257ED1F400B4C874 /* Forecast.swift in Sources */ = {isa = PBXBuildFile; fileRef = 4726058E257ED1F400B4C874 /* Forecast.swift */; };
		47260594257EDC5300B4C874 /* NetworkTests.swift in Sources */ = {isa = PBXBuildFile; fileRef = 47260593257EDC5300B4C874 /* NetworkTests.swift */; };
		4726059C257F833100B4C874 /* Weather.swift in Sources */ = {isa = PBXBuildFile; fileRef = 4726059B257F833100B4C874 /* Weather.swift */; };
		47294E7E25783B9F0003DE5F /* AppDelegate.swift in Sources */ = {isa = PBXBuildFile; fileRef = 47294E7D25783B9F0003DE5F /* AppDelegate.swift */; };
		47294E8025783B9F0003DE5F /* SceneDelegate.swift in Sources */ = {isa = PBXBuildFile; fileRef = 47294E7F25783B9F0003DE5F /* SceneDelegate.swift */; };
		47294E8225783B9F0003DE5F /* ViewController.swift in Sources */ = {isa = PBXBuildFile; fileRef = 47294E8125783B9F0003DE5F /* ViewController.swift */; };
		47294E8525783B9F0003DE5F /* Main.storyboard in Resources */ = {isa = PBXBuildFile; fileRef = 47294E8325783B9F0003DE5F /* Main.storyboard */; };
		47294E8725783BA20003DE5F /* Assets.xcassets in Resources */ = {isa = PBXBuildFile; fileRef = 47294E8625783BA20003DE5F /* Assets.xcassets */; };
		47294E8A25783BA20003DE5F /* LaunchScreen.storyboard in Resources */ = {isa = PBXBuildFile; fileRef = 47294E8825783BA20003DE5F /* LaunchScreen.storyboard */; };
		47294E9525783BA20003DE5F /* JustAnotherMeteoAppTests.swift in Sources */ = {isa = PBXBuildFile; fileRef = 47294E9425783BA20003DE5F /* JustAnotherMeteoAppTests.swift */; };
		47294EA025783BA20003DE5F /* JustAnotherMeteoAppUITests.swift in Sources */ = {isa = PBXBuildFile; fileRef = 47294E9F25783BA20003DE5F /* JustAnotherMeteoAppUITests.swift */; };
		474AC397257D49CF000C6CD7 /* HomeNetworkManager.swift in Sources */ = {isa = PBXBuildFile; fileRef = 474AC38F257D49CF000C6CD7 /* HomeNetworkManager.swift */; };
		474AC398257D49CF000C6CD7 /* HomePresenter.swift in Sources */ = {isa = PBXBuildFile; fileRef = 474AC390257D49CF000C6CD7 /* HomePresenter.swift */; };
		474AC399257D49CF000C6CD7 /* HomeViewController.swift in Sources */ = {isa = PBXBuildFile; fileRef = 474AC391257D49CF000C6CD7 /* HomeViewController.swift */; };
		474AC39A257D49CF000C6CD7 /* HomeProtocols.swift in Sources */ = {isa = PBXBuildFile; fileRef = 474AC392257D49CF000C6CD7 /* HomeProtocols.swift */; };
		474AC39B257D49CF000C6CD7 /* HomeInteractor.swift in Sources */ = {isa = PBXBuildFile; fileRef = 474AC393257D49CF000C6CD7 /* HomeInteractor.swift */; };
		474AC39C257D49CF000C6CD7 /* HomeEntities.swift in Sources */ = {isa = PBXBuildFile; fileRef = 474AC394257D49CF000C6CD7 /* HomeEntities.swift */; };
		474AC39D257D49CF000C6CD7 /* Home.xib in Resources */ = {isa = PBXBuildFile; fileRef = 474AC395257D49CF000C6CD7 /* Home.xib */; };
		474AC39E257D49CF000C6CD7 /* HomeWireframe.swift in Sources */ = {isa = PBXBuildFile; fileRef = 474AC396257D49CF000C6CD7 /* HomeWireframe.swift */; };
		478060362580220600D74465 /* Helpers.swift in Sources */ = {isa = PBXBuildFile; fileRef = 478060352580220600D74465 /* Helpers.swift */; };
		478F97D2257FD51E00CD1DBA /* UIViewExtensions.swift in Sources */ = {isa = PBXBuildFile; fileRef = 478F97D1257FD51E00CD1DBA /* UIViewExtensions.swift */; };
		478F97D7257FD8CE00CD1DBA /* UIViewControllerExtensions.swift in Sources */ = {isa = PBXBuildFile; fileRef = 478F97D6257FD8CE00CD1DBA /* UIViewControllerExtensions.swift */; };
		478F97DC257FDD9D00CD1DBA /* UITableViewCellExtensions.swift in Sources */ = {isa = PBXBuildFile; fileRef = 478F97DB257FDD9D00CD1DBA /* UITableViewCellExtensions.swift */; };
		478F97EA257FE93100CD1DBA /* ForecastTVHeaderFooterView.swift in Sources */ = {isa = PBXBuildFile; fileRef = 478F97E9257FE93100CD1DBA /* ForecastTVHeaderFooterView.swift */; };
		478F97EF257FEA9F00CD1DBA /* ForecastTVHeaderFooterView.xib in Resources */ = {isa = PBXBuildFile; fileRef = 478F97EE257FEA9F00CD1DBA /* ForecastTVHeaderFooterView.xib */; };
		47A23BE3257F9D5E00A2B682 /* Forecasts.storyboard in Resources */ = {isa = PBXBuildFile; fileRef = 47A23BDB257F9D5E00A2B682 /* Forecasts.storyboard */; };
		47A23BE4257F9D5E00A2B682 /* ForecastsNetworkManager.swift in Sources */ = {isa = PBXBuildFile; fileRef = 47A23BDC257F9D5E00A2B682 /* ForecastsNetworkManager.swift */; };
		47A23BE5257F9D5E00A2B682 /* ForecastsPresenter.swift in Sources */ = {isa = PBXBuildFile; fileRef = 47A23BDD257F9D5E00A2B682 /* ForecastsPresenter.swift */; };
		47A23BE6257F9D5E00A2B682 /* ForecastsViewController.swift in Sources */ = {isa = PBXBuildFile; fileRef = 47A23BDE257F9D5E00A2B682 /* ForecastsViewController.swift */; };
		47A23BE7257F9D5E00A2B682 /* ForecastsProtocols.swift in Sources */ = {isa = PBXBuildFile; fileRef = 47A23BDF257F9D5E00A2B682 /* ForecastsProtocols.swift */; };
		47A23BE8257F9D5E00A2B682 /* ForecastsInteractor.swift in Sources */ = {isa = PBXBuildFile; fileRef = 47A23BE0257F9D5E00A2B682 /* ForecastsInteractor.swift */; };
		47A23BE9257F9D5E00A2B682 /* ForecastsEntities.swift in Sources */ = {isa = PBXBuildFile; fileRef = 47A23BE1257F9D5E00A2B682 /* ForecastsEntities.swift */; };
		47A23BEA257F9D5E00A2B682 /* ForecastsWireframe.swift in Sources */ = {isa = PBXBuildFile; fileRef = 47A23BE2257F9D5E00A2B682 /* ForecastsWireframe.swift */; };
		47A23BF0257FCB4200A2B682 /* ForecastTableViewCell.swift in Sources */ = {isa = PBXBuildFile; fileRef = 47A23BEF257FCB4200A2B682 /* ForecastTableViewCell.swift */; };
		5580AB1BBD57863231B6DD91 /* Pods_JustAnotherMeteoAppTests.framework in Frameworks */ = {isa = PBXBuildFile; fileRef = CE00612060A2BE6900B7B97F /* Pods_JustAnotherMeteoAppTests.framework */; };
		D5E388B6196124C0E11292A6 /* Pods_JustAnotherMeteoApp_JustAnotherMeteoAppUITests.framework in Frameworks */ = {isa = PBXBuildFile; fileRef = BDB91FDD47CA714B3AB662D0 /* Pods_JustAnotherMeteoApp_JustAnotherMeteoAppUITests.framework */; };
/* End PBXBuildFile section */

/* Begin PBXContainerItemProxy section */
		47294E9125783BA20003DE5F /* PBXContainerItemProxy */ = {
			isa = PBXContainerItemProxy;
			containerPortal = 47294E7225783B9F0003DE5F /* Project object */;
			proxyType = 1;
			remoteGlobalIDString = 47294E7925783B9F0003DE5F;
			remoteInfo = JustAnotherMeteoApp;
		};
		47294E9C25783BA20003DE5F /* PBXContainerItemProxy */ = {
			isa = PBXContainerItemProxy;
			containerPortal = 47294E7225783B9F0003DE5F /* Project object */;
			proxyType = 1;
			remoteGlobalIDString = 47294E7925783B9F0003DE5F;
			remoteInfo = JustAnotherMeteoApp;
		};
/* End PBXContainerItemProxy section */

/* Begin PBXFileReference section */
		1342BBB4BDEBFAD423189E6A /* Pods-JustAnotherMeteoAppTests.debug.xcconfig */ = {isa = PBXFileReference; includeInIndex = 1; lastKnownFileType = text.xcconfig; name = "Pods-JustAnotherMeteoAppTests.debug.xcconfig"; path = "Target Support Files/Pods-JustAnotherMeteoAppTests/Pods-JustAnotherMeteoAppTests.debug.xcconfig"; sourceTree = "<group>"; };
		15B5D32AE124FEDF90C4BF72 /* Pods-JustAnotherMeteoApp-JustAnotherMeteoAppUITests.release.xcconfig */ = {isa = PBXFileReference; includeInIndex = 1; lastKnownFileType = text.xcconfig; name = "Pods-JustAnotherMeteoApp-JustAnotherMeteoAppUITests.release.xcconfig"; path = "Target Support Files/Pods-JustAnotherMeteoApp-JustAnotherMeteoAppUITests/Pods-JustAnotherMeteoApp-JustAnotherMeteoAppUITests.release.xcconfig"; sourceTree = "<group>"; };
		36D04DA7FD6C4DDA2A1EFF0F /* Pods-JustAnotherMeteoApp.release.xcconfig */ = {isa = PBXFileReference; includeInIndex = 1; lastKnownFileType = text.xcconfig; name = "Pods-JustAnotherMeteoApp.release.xcconfig"; path = "Target Support Files/Pods-JustAnotherMeteoApp/Pods-JustAnotherMeteoApp.release.xcconfig"; sourceTree = "<group>"; };
		3D5219952FFC6A41DC6487A7 /* Pods-JustAnotherMeteoApp.debug.xcconfig */ = {isa = PBXFileReference; includeInIndex = 1; lastKnownFileType = text.xcconfig; name = "Pods-JustAnotherMeteoApp.debug.xcconfig"; path = "Target Support Files/Pods-JustAnotherMeteoApp/Pods-JustAnotherMeteoApp.debug.xcconfig"; sourceTree = "<group>"; };
		47260565257D5AB700B4C874 /* APIConfiguration.swift */ = {isa = PBXFileReference; fileEncoding = 4; lastKnownFileType = sourcecode.swift; path = APIConfiguration.swift; sourceTree = "<group>"; };
		47260566257D5AB700B4C874 /* NetworkConstants.swift */ = {isa = PBXFileReference; fileEncoding = 4; lastKnownFileType = sourcecode.swift; path = NetworkConstants.swift; sourceTree = "<group>"; };
		47260567257D5AB700B4C874 /* NetworkClient.swift */ = {isa = PBXFileReference; fileEncoding = 4; lastKnownFileType = sourcecode.swift; path = NetworkClient.swift; sourceTree = "<group>"; };
		47260570257EC2AE00B4C874 /* WeatherAPI.swift */ = {isa = PBXFileReference; lastKnownFileType = sourcecode.swift; path = WeatherAPI.swift; sourceTree = "<group>"; };
		47260575257EC2BE00B4C874 /* WeatherAPIClient.swift */ = {isa = PBXFileReference; lastKnownFileType = sourcecode.swift; path = WeatherAPIClient.swift; sourceTree = "<group>"; };
		47260584257ED07000B4C874 /* ForecastsResponse.swift */ = {isa = PBXFileReference; lastKnownFileType = sourcecode.swift; path = ForecastsResponse.swift; sourceTree = "<group>"; };
		47260589257ED0D700B4C874 /* City.swift */ = {isa = PBXFileReference; lastKnownFileType = sourcecode.swift; path = City.swift; sourceTree = "<group>"; };
		4726058E257ED1F400B4C874 /* Forecast.swift */ = {isa = PBXFileReference; lastKnownFileType = sourcecode.swift; path = Forecast.swift; sourceTree = "<group>"; };
		47260593257EDC5300B4C874 /* NetworkTests.swift */ = {isa = PBXFileReference; lastKnownFileType = sourcecode.swift; path = NetworkTests.swift; sourceTree = "<group>"; };
		4726059B257F833100B4C874 /* Weather.swift */ = {isa = PBXFileReference; lastKnownFileType = sourcecode.swift; path = Weather.swift; sourceTree = "<group>"; };
		47294E7A25783B9F0003DE5F /* JustAnotherMeteoApp.app */ = {isa = PBXFileReference; explicitFileType = wrapper.application; includeInIndex = 0; path = JustAnotherMeteoApp.app; sourceTree = BUILT_PRODUCTS_DIR; };
		47294E7D25783B9F0003DE5F /* AppDelegate.swift */ = {isa = PBXFileReference; lastKnownFileType = sourcecode.swift; path = AppDelegate.swift; sourceTree = "<group>"; };
		47294E7F25783B9F0003DE5F /* SceneDelegate.swift */ = {isa = PBXFileReference; lastKnownFileType = sourcecode.swift; path = SceneDelegate.swift; sourceTree = "<group>"; };
		47294E8125783B9F0003DE5F /* ViewController.swift */ = {isa = PBXFileReference; lastKnownFileType = sourcecode.swift; path = ViewController.swift; sourceTree = "<group>"; };
		47294E8425783B9F0003DE5F /* Base */ = {isa = PBXFileReference; lastKnownFileType = file.storyboard; name = Base; path = Base.lproj/Main.storyboard; sourceTree = "<group>"; };
		47294E8625783BA20003DE5F /* Assets.xcassets */ = {isa = PBXFileReference; lastKnownFileType = folder.assetcatalog; path = Assets.xcassets; sourceTree = "<group>"; };
		47294E8925783BA20003DE5F /* Base */ = {isa = PBXFileReference; lastKnownFileType = file.storyboard; name = Base; path = Base.lproj/LaunchScreen.storyboard; sourceTree = "<group>"; };
		47294E8B25783BA20003DE5F /* Info.plist */ = {isa = PBXFileReference; lastKnownFileType = text.plist.xml; path = Info.plist; sourceTree = "<group>"; };
		47294E9025783BA20003DE5F /* JustAnotherMeteoAppTests.xctest */ = {isa = PBXFileReference; explicitFileType = wrapper.cfbundle; includeInIndex = 0; path = JustAnotherMeteoAppTests.xctest; sourceTree = BUILT_PRODUCTS_DIR; };
		47294E9425783BA20003DE5F /* JustAnotherMeteoAppTests.swift */ = {isa = PBXFileReference; lastKnownFileType = sourcecode.swift; path = JustAnotherMeteoAppTests.swift; sourceTree = "<group>"; };
		47294E9625783BA20003DE5F /* Info.plist */ = {isa = PBXFileReference; lastKnownFileType = text.plist.xml; path = Info.plist; sourceTree = "<group>"; };
		47294E9B25783BA20003DE5F /* JustAnotherMeteoAppUITests.xctest */ = {isa = PBXFileReference; explicitFileType = wrapper.cfbundle; includeInIndex = 0; path = JustAnotherMeteoAppUITests.xctest; sourceTree = BUILT_PRODUCTS_DIR; };
		47294E9F25783BA20003DE5F /* JustAnotherMeteoAppUITests.swift */ = {isa = PBXFileReference; lastKnownFileType = sourcecode.swift; path = JustAnotherMeteoAppUITests.swift; sourceTree = "<group>"; };
		47294EA125783BA20003DE5F /* Info.plist */ = {isa = PBXFileReference; lastKnownFileType = text.plist.xml; path = Info.plist; sourceTree = "<group>"; };
		474AC38F257D49CF000C6CD7 /* HomeNetworkManager.swift */ = {isa = PBXFileReference; lastKnownFileType = sourcecode.swift; path = HomeNetworkManager.swift; sourceTree = "<group>"; };
		474AC390257D49CF000C6CD7 /* HomePresenter.swift */ = {isa = PBXFileReference; lastKnownFileType = sourcecode.swift; path = HomePresenter.swift; sourceTree = "<group>"; };
		474AC391257D49CF000C6CD7 /* HomeViewController.swift */ = {isa = PBXFileReference; lastKnownFileType = sourcecode.swift; path = HomeViewController.swift; sourceTree = "<group>"; };
		474AC392257D49CF000C6CD7 /* HomeProtocols.swift */ = {isa = PBXFileReference; lastKnownFileType = sourcecode.swift; path = HomeProtocols.swift; sourceTree = "<group>"; };
		474AC393257D49CF000C6CD7 /* HomeInteractor.swift */ = {isa = PBXFileReference; lastKnownFileType = sourcecode.swift; path = HomeInteractor.swift; sourceTree = "<group>"; };
		474AC394257D49CF000C6CD7 /* HomeEntities.swift */ = {isa = PBXFileReference; lastKnownFileType = sourcecode.swift; path = HomeEntities.swift; sourceTree = "<group>"; };
		474AC395257D49CF000C6CD7 /* Home.xib */ = {isa = PBXFileReference; lastKnownFileType = file.xib; path = Home.xib; sourceTree = "<group>"; };
		474AC396257D49CF000C6CD7 /* HomeWireframe.swift */ = {isa = PBXFileReference; lastKnownFileType = sourcecode.swift; path = HomeWireframe.swift; sourceTree = "<group>"; };
		478060352580220600D74465 /* Helpers.swift */ = {isa = PBXFileReference; lastKnownFileType = sourcecode.swift; path = Helpers.swift; sourceTree = "<group>"; };
		478F97D1257FD51E00CD1DBA /* UIViewExtensions.swift */ = {isa = PBXFileReference; lastKnownFileType = sourcecode.swift; path = UIViewExtensions.swift; sourceTree = "<group>"; };
		478F97D6257FD8CE00CD1DBA /* UIViewControllerExtensions.swift */ = {isa = PBXFileReference; lastKnownFileType = sourcecode.swift; path = UIViewControllerExtensions.swift; sourceTree = "<group>"; };
		478F97DB257FDD9D00CD1DBA /* UITableViewCellExtensions.swift */ = {isa = PBXFileReference; lastKnownFileType = sourcecode.swift; path = UITableViewCellExtensions.swift; sourceTree = "<group>"; };
		478F97E9257FE93100CD1DBA /* ForecastTVHeaderFooterView.swift */ = {isa = PBXFileReference; lastKnownFileType = sourcecode.swift; path = ForecastTVHeaderFooterView.swift; sourceTree = "<group>"; };
		478F97EE257FEA9F00CD1DBA /* ForecastTVHeaderFooterView.xib */ = {isa = PBXFileReference; lastKnownFileType = file.xib; path = ForecastTVHeaderFooterView.xib; sourceTree = "<group>"; };
		47A23BDB257F9D5E00A2B682 /* Forecasts.storyboard */ = {isa = PBXFileReference; lastKnownFileType = file.storyboard; path = Forecasts.storyboard; sourceTree = "<group>"; };
		47A23BDC257F9D5E00A2B682 /* ForecastsNetworkManager.swift */ = {isa = PBXFileReference; lastKnownFileType = sourcecode.swift; path = ForecastsNetworkManager.swift; sourceTree = "<group>"; };
		47A23BDD257F9D5E00A2B682 /* ForecastsPresenter.swift */ = {isa = PBXFileReference; lastKnownFileType = sourcecode.swift; path = ForecastsPresenter.swift; sourceTree = "<group>"; };
		47A23BDE257F9D5E00A2B682 /* ForecastsViewController.swift */ = {isa = PBXFileReference; lastKnownFileType = sourcecode.swift; path = ForecastsViewController.swift; sourceTree = "<group>"; };
		47A23BDF257F9D5E00A2B682 /* ForecastsProtocols.swift */ = {isa = PBXFileReference; lastKnownFileType = sourcecode.swift; path = ForecastsProtocols.swift; sourceTree = "<group>"; };
		47A23BE0257F9D5E00A2B682 /* ForecastsInteractor.swift */ = {isa = PBXFileReference; lastKnownFileType = sourcecode.swift; path = ForecastsInteractor.swift; sourceTree = "<group>"; };
		47A23BE1257F9D5E00A2B682 /* ForecastsEntities.swift */ = {isa = PBXFileReference; lastKnownFileType = sourcecode.swift; path = ForecastsEntities.swift; sourceTree = "<group>"; };
		47A23BE2257F9D5E00A2B682 /* ForecastsWireframe.swift */ = {isa = PBXFileReference; lastKnownFileType = sourcecode.swift; path = ForecastsWireframe.swift; sourceTree = "<group>"; };
		47A23BEF257FCB4200A2B682 /* ForecastTableViewCell.swift */ = {isa = PBXFileReference; lastKnownFileType = sourcecode.swift; path = ForecastTableViewCell.swift; sourceTree = "<group>"; };
		BDB91FDD47CA714B3AB662D0 /* Pods_JustAnotherMeteoApp_JustAnotherMeteoAppUITests.framework */ = {isa = PBXFileReference; explicitFileType = wrapper.framework; includeInIndex = 0; path = Pods_JustAnotherMeteoApp_JustAnotherMeteoAppUITests.framework; sourceTree = BUILT_PRODUCTS_DIR; };
		CE00612060A2BE6900B7B97F /* Pods_JustAnotherMeteoAppTests.framework */ = {isa = PBXFileReference; explicitFileType = wrapper.framework; includeInIndex = 0; path = Pods_JustAnotherMeteoAppTests.framework; sourceTree = BUILT_PRODUCTS_DIR; };
		D423195ADFAF97F435D386DF /* Pods_JustAnotherMeteoApp.framework */ = {isa = PBXFileReference; explicitFileType = wrapper.framework; includeInIndex = 0; path = Pods_JustAnotherMeteoApp.framework; sourceTree = BUILT_PRODUCTS_DIR; };
		E3055BD6200B90C32803D0EB /* Pods-JustAnotherMeteoAppTests.release.xcconfig */ = {isa = PBXFileReference; includeInIndex = 1; lastKnownFileType = text.xcconfig; name = "Pods-JustAnotherMeteoAppTests.release.xcconfig"; path = "Target Support Files/Pods-JustAnotherMeteoAppTests/Pods-JustAnotherMeteoAppTests.release.xcconfig"; sourceTree = "<group>"; };
		EC3A62BF0657D0983D031CEA /* Pods-JustAnotherMeteoApp-JustAnotherMeteoAppUITests.debug.xcconfig */ = {isa = PBXFileReference; includeInIndex = 1; lastKnownFileType = text.xcconfig; name = "Pods-JustAnotherMeteoApp-JustAnotherMeteoAppUITests.debug.xcconfig"; path = "Target Support Files/Pods-JustAnotherMeteoApp-JustAnotherMeteoAppUITests/Pods-JustAnotherMeteoApp-JustAnotherMeteoAppUITests.debug.xcconfig"; sourceTree = "<group>"; };
/* End PBXFileReference section */

/* Begin PBXFrameworksBuildPhase section */
		47294E7725783B9F0003DE5F /* Frameworks */ = {
			isa = PBXFrameworksBuildPhase;
			buildActionMask = 2147483647;
			files = (
				2C18E43E2A93B8018CBA3EE8 /* Pods_JustAnotherMeteoApp.framework in Frameworks */,
			);
			runOnlyForDeploymentPostprocessing = 0;
		};
		47294E8D25783BA20003DE5F /* Frameworks */ = {
			isa = PBXFrameworksBuildPhase;
			buildActionMask = 2147483647;
			files = (
				5580AB1BBD57863231B6DD91 /* Pods_JustAnotherMeteoAppTests.framework in Frameworks */,
			);
			runOnlyForDeploymentPostprocessing = 0;
		};
		47294E9825783BA20003DE5F /* Frameworks */ = {
			isa = PBXFrameworksBuildPhase;
			buildActionMask = 2147483647;
			files = (
				D5E388B6196124C0E11292A6 /* Pods_JustAnotherMeteoApp_JustAnotherMeteoAppUITests.framework in Frameworks */,
			);
			runOnlyForDeploymentPostprocessing = 0;
		};
/* End PBXFrameworksBuildPhase section */

/* Begin PBXGroup section */
		12416785EA8F557B75BC7AEC /* Frameworks */ = {
			isa = PBXGroup;
			children = (
				D423195ADFAF97F435D386DF /* Pods_JustAnotherMeteoApp.framework */,
				BDB91FDD47CA714B3AB662D0 /* Pods_JustAnotherMeteoApp_JustAnotherMeteoAppUITests.framework */,
				CE00612060A2BE6900B7B97F /* Pods_JustAnotherMeteoAppTests.framework */,
			);
			name = Frameworks;
			sourceTree = "<group>";
		};
		47260564257D5A8C00B4C874 /* Network */ = {
			isa = PBXGroup;
			children = (
				4726056E257EBF8F00B4C874 /* APIs */,
				47260565257D5AB700B4C874 /* APIConfiguration.swift */,
				47260567257D5AB700B4C874 /* NetworkClient.swift */,
				47260566257D5AB700B4C874 /* NetworkConstants.swift */,
			);
			path = Network;
			sourceTree = "<group>";
		};
		4726056E257EBF8F00B4C874 /* APIs */ = {
			isa = PBXGroup;
			children = (
				4726057A257EC63400B4C874 /* Entities */,
				4726056F257EC28700B4C874 /* Weather */,
			);
			path = APIs;
			sourceTree = "<group>";
		};
		4726056F257EC28700B4C874 /* Weather */ = {
			isa = PBXGroup;
			children = (
				47260570257EC2AE00B4C874 /* WeatherAPI.swift */,
				47260575257EC2BE00B4C874 /* WeatherAPIClient.swift */,
			);
			path = Weather;
			sourceTree = "<group>";
		};
		4726057A257EC63400B4C874 /* Entities */ = {
			isa = PBXGroup;
			children = (
				47260584257ED07000B4C874 /* ForecastsResponse.swift */,
			);
			path = Entities;
			sourceTree = "<group>";
		};
		47294E7125783B9F0003DE5F = {
			isa = PBXGroup;
			children = (
				47294E7C25783B9F0003DE5F /* JustAnotherMeteoApp */,
				47294E9325783BA20003DE5F /* JustAnotherMeteoAppTests */,
				47294E9E25783BA20003DE5F /* JustAnotherMeteoAppUITests */,
				47294E7B25783B9F0003DE5F /* Products */,
				700795F4FA0701449A848A16 /* Pods */,
				12416785EA8F557B75BC7AEC /* Frameworks */,
			);
			sourceTree = "<group>";
		};
		47294E7B25783B9F0003DE5F /* Products */ = {
			isa = PBXGroup;
			children = (
				47294E7A25783B9F0003DE5F /* JustAnotherMeteoApp.app */,
				47294E9025783BA20003DE5F /* JustAnotherMeteoAppTests.xctest */,
				47294E9B25783BA20003DE5F /* JustAnotherMeteoAppUITests.xctest */,
			);
			name = Products;
			sourceTree = "<group>";
		};
		47294E7C25783B9F0003DE5F /* JustAnotherMeteoApp */ = {
			isa = PBXGroup;
			children = (
				474AC3A2257D49D4000C6CD7 /* Home */,
				47A23BC4257F9B7100A2B682 /* Forecasts */,
				478F97F325800B3200CD1DBA /* Entities */,
				478F97D0257FD50700CD1DBA /* Extensions */,
				47260564257D5A8C00B4C874 /* Network */,
				47294E7D25783B9F0003DE5F /* AppDelegate.swift */,
				47294E7F25783B9F0003DE5F /* SceneDelegate.swift */,
				47294E8125783B9F0003DE5F /* ViewController.swift */,
				47294E8325783B9F0003DE5F /* Main.storyboard */,
				47294E8625783BA20003DE5F /* Assets.xcassets */,
				47294E8825783BA20003DE5F /* LaunchScreen.storyboard */,
				47294E8B25783BA20003DE5F /* Info.plist */,
				478060352580220600D74465 /* Helpers.swift */,
			);
			path = JustAnotherMeteoApp;
			sourceTree = "<group>";
		};
		47294E9325783BA20003DE5F /* JustAnotherMeteoAppTests */ = {
			isa = PBXGroup;
			children = (
				47294E9425783BA20003DE5F /* JustAnotherMeteoAppTests.swift */,
				47294E9625783BA20003DE5F /* Info.plist */,
				47260593257EDC5300B4C874 /* NetworkTests.swift */,
			);
			path = JustAnotherMeteoAppTests;
			sourceTree = "<group>";
		};
		47294E9E25783BA20003DE5F /* JustAnotherMeteoAppUITests */ = {
			isa = PBXGroup;
			children = (
				47294E9F25783BA20003DE5F /* JustAnotherMeteoAppUITests.swift */,
				47294EA125783BA20003DE5F /* Info.plist */,
			);
			path = JustAnotherMeteoAppUITests;
			sourceTree = "<group>";
		};
		474AC3A2257D49D4000C6CD7 /* Home */ = {
			isa = PBXGroup;
			children = (
				474AC38F257D49CF000C6CD7 /* HomeNetworkManager.swift */,
				474AC390257D49CF000C6CD7 /* HomePresenter.swift */,
				474AC391257D49CF000C6CD7 /* HomeViewController.swift */,
				474AC392257D49CF000C6CD7 /* HomeProtocols.swift */,
				474AC393257D49CF000C6CD7 /* HomeInteractor.swift */,
				474AC394257D49CF000C6CD7 /* HomeEntities.swift */,
				474AC395257D49CF000C6CD7 /* Home.xib */,
				474AC396257D49CF000C6CD7 /* HomeWireframe.swift */,
			);
			path = Home;
			sourceTree = "<group>";
		};
		478F97D0257FD50700CD1DBA /* Extensions */ = {
			isa = PBXGroup;
			children = (
				478F97D1257FD51E00CD1DBA /* UIViewExtensions.swift */,
				478F97D6257FD8CE00CD1DBA /* UIViewControllerExtensions.swift */,
				478F97DB257FDD9D00CD1DBA /* UITableViewCellExtensions.swift */,
			);
			path = Extensions;
			sourceTree = "<group>";
		};
		478F97F325800B3200CD1DBA /* Entities */ = {
			isa = PBXGroup;
			children = (
				47260589257ED0D700B4C874 /* City.swift */,
				4726058E257ED1F400B4C874 /* Forecast.swift */,
				4726059B257F833100B4C874 /* Weather.swift */,
			);
			path = Entities;
			sourceTree = "<group>";
		};
		47A23BC4257F9B7100A2B682 /* Forecasts */ = {
			isa = PBXGroup;
			children = (
				47A23BEE257FCB1800A2B682 /* Views */,
				47A23BDB257F9D5E00A2B682 /* Forecasts.storyboard */,
				47A23BDC257F9D5E00A2B682 /* ForecastsNetworkManager.swift */,
				47A23BDD257F9D5E00A2B682 /* ForecastsPresenter.swift */,
				47A23BDE257F9D5E00A2B682 /* ForecastsViewController.swift */,
				47A23BDF257F9D5E00A2B682 /* ForecastsProtocols.swift */,
				47A23BE0257F9D5E00A2B682 /* ForecastsInteractor.swift */,
				47A23BE1257F9D5E00A2B682 /* ForecastsEntities.swift */,
				47A23BE2257F9D5E00A2B682 /* ForecastsWireframe.swift */,
			);
			path = Forecasts;
			sourceTree = "<group>";
		};
		47A23BEE257FCB1800A2B682 /* Views */ = {
			isa = PBXGroup;
			children = (
				47A23BEF257FCB4200A2B682 /* ForecastTableViewCell.swift */,
				478F97E9257FE93100CD1DBA /* ForecastTVHeaderFooterView.swift */,
				478F97EE257FEA9F00CD1DBA /* ForecastTVHeaderFooterView.xib */,
			);
			path = Views;
			sourceTree = "<group>";
		};
		700795F4FA0701449A848A16 /* Pods */ = {
			isa = PBXGroup;
			children = (
				3D5219952FFC6A41DC6487A7 /* Pods-JustAnotherMeteoApp.debug.xcconfig */,
				36D04DA7FD6C4DDA2A1EFF0F /* Pods-JustAnotherMeteoApp.release.xcconfig */,
				EC3A62BF0657D0983D031CEA /* Pods-JustAnotherMeteoApp-JustAnotherMeteoAppUITests.debug.xcconfig */,
				15B5D32AE124FEDF90C4BF72 /* Pods-JustAnotherMeteoApp-JustAnotherMeteoAppUITests.release.xcconfig */,
				1342BBB4BDEBFAD423189E6A /* Pods-JustAnotherMeteoAppTests.debug.xcconfig */,
				E3055BD6200B90C32803D0EB /* Pods-JustAnotherMeteoAppTests.release.xcconfig */,
			);
			path = Pods;
			sourceTree = "<group>";
		};
/* End PBXGroup section */

/* Begin PBXNativeTarget section */
		47294E7925783B9F0003DE5F /* JustAnotherMeteoApp */ = {
			isa = PBXNativeTarget;
			buildConfigurationList = 47294EA425783BA20003DE5F /* Build configuration list for PBXNativeTarget "JustAnotherMeteoApp" */;
			buildPhases = (
				9C72EA6D2D84D61DD94EF587 /* [CP] Check Pods Manifest.lock */,
				47294E7625783B9F0003DE5F /* Sources */,
				47294E7725783B9F0003DE5F /* Frameworks */,
				47294E7825783B9F0003DE5F /* Resources */,
				227A48C1DAA69532D12235CC /* [CP] Embed Pods Frameworks */,
			);
			buildRules = (
			);
			dependencies = (
			);
			name = JustAnotherMeteoApp;
			productName = JustAnotherMeteoApp;
			productReference = 47294E7A25783B9F0003DE5F /* JustAnotherMeteoApp.app */;
			productType = "com.apple.product-type.application";
		};
		47294E8F25783BA20003DE5F /* JustAnotherMeteoAppTests */ = {
			isa = PBXNativeTarget;
			buildConfigurationList = 47294EA725783BA20003DE5F /* Build configuration list for PBXNativeTarget "JustAnotherMeteoAppTests" */;
			buildPhases = (
				41F75F74615D221264450C44 /* [CP] Check Pods Manifest.lock */,
				47294E8C25783BA20003DE5F /* Sources */,
				47294E8D25783BA20003DE5F /* Frameworks */,
				47294E8E25783BA20003DE5F /* Resources */,
			);
			buildRules = (
			);
			dependencies = (
				47294E9225783BA20003DE5F /* PBXTargetDependency */,
			);
			name = JustAnotherMeteoAppTests;
			productName = JustAnotherMeteoAppTests;
			productReference = 47294E9025783BA20003DE5F /* JustAnotherMeteoAppTests.xctest */;
			productType = "com.apple.product-type.bundle.unit-test";
		};
		47294E9A25783BA20003DE5F /* JustAnotherMeteoAppUITests */ = {
			isa = PBXNativeTarget;
			buildConfigurationList = 47294EAA25783BA20003DE5F /* Build configuration list for PBXNativeTarget "JustAnotherMeteoAppUITests" */;
			buildPhases = (
				7F6B4F88C58DFFF52F32423F /* [CP] Check Pods Manifest.lock */,
				47294E9725783BA20003DE5F /* Sources */,
				47294E9825783BA20003DE5F /* Frameworks */,
				47294E9925783BA20003DE5F /* Resources */,
				5758105958353C457AC83AA8 /* [CP] Embed Pods Frameworks */,
			);
			buildRules = (
			);
			dependencies = (
				47294E9D25783BA20003DE5F /* PBXTargetDependency */,
			);
			name = JustAnotherMeteoAppUITests;
			productName = JustAnotherMeteoAppUITests;
			productReference = 47294E9B25783BA20003DE5F /* JustAnotherMeteoAppUITests.xctest */;
			productType = "com.apple.product-type.bundle.ui-testing";
		};
/* End PBXNativeTarget section */

/* Begin PBXProject section */
		47294E7225783B9F0003DE5F /* Project object */ = {
			isa = PBXProject;
			attributes = {
				LastSwiftUpdateCheck = 1200;
				LastUpgradeCheck = 1200;
				ORGANIZATIONNAME = "matteogazzato@gmail.com";
				TargetAttributes = {
					47294E7925783B9F0003DE5F = {
						CreatedOnToolsVersion = 12.0;
					};
					47294E8F25783BA20003DE5F = {
						CreatedOnToolsVersion = 12.0;
						TestTargetID = 47294E7925783B9F0003DE5F;
					};
					47294E9A25783BA20003DE5F = {
						CreatedOnToolsVersion = 12.0;
						TestTargetID = 47294E7925783B9F0003DE5F;
					};
				};
			};
			buildConfigurationList = 47294E7525783B9F0003DE5F /* Build configuration list for PBXProject "JustAnotherMeteoApp" */;
			compatibilityVersion = "Xcode 9.3";
			developmentRegion = en;
			hasScannedForEncodings = 0;
			knownRegions = (
				en,
				Base,
			);
			mainGroup = 47294E7125783B9F0003DE5F;
			productRefGroup = 47294E7B25783B9F0003DE5F /* Products */;
			projectDirPath = "";
			projectRoot = "";
			targets = (
				47294E7925783B9F0003DE5F /* JustAnotherMeteoApp */,
				47294E8F25783BA20003DE5F /* JustAnotherMeteoAppTests */,
				47294E9A25783BA20003DE5F /* JustAnotherMeteoAppUITests */,
			);
		};
/* End PBXProject section */

/* Begin PBXResourcesBuildPhase section */
		47294E7825783B9F0003DE5F /* Resources */ = {
			isa = PBXResourcesBuildPhase;
			buildActionMask = 2147483647;
			files = (
				47294E8A25783BA20003DE5F /* LaunchScreen.storyboard in Resources */,
				47294E8725783BA20003DE5F /* Assets.xcassets in Resources */,
				474AC39D257D49CF000C6CD7 /* Home.xib in Resources */,
				478F97EF257FEA9F00CD1DBA /* ForecastTVHeaderFooterView.xib in Resources */,
				47294E8525783B9F0003DE5F /* Main.storyboard in Resources */,
				47A23BE3257F9D5E00A2B682 /* Forecasts.storyboard in Resources */,
			);
			runOnlyForDeploymentPostprocessing = 0;
		};
		47294E8E25783BA20003DE5F /* Resources */ = {
			isa = PBXResourcesBuildPhase;
			buildActionMask = 2147483647;
			files = (
			);
			runOnlyForDeploymentPostprocessing = 0;
		};
		47294E9925783BA20003DE5F /* Resources */ = {
			isa = PBXResourcesBuildPhase;
			buildActionMask = 2147483647;
			files = (
			);
			runOnlyForDeploymentPostprocessing = 0;
		};
/* End PBXResourcesBuildPhase section */

/* Begin PBXShellScriptBuildPhase section */
		227A48C1DAA69532D12235CC /* [CP] Embed Pods Frameworks */ = {
			isa = PBXShellScriptBuildPhase;
			buildActionMask = 2147483647;
			files = (
			);
			inputFileListPaths = (
				"${PODS_ROOT}/Target Support Files/Pods-JustAnotherMeteoApp/Pods-JustAnotherMeteoApp-frameworks-${CONFIGURATION}-input-files.xcfilelist",
			);
			name = "[CP] Embed Pods Frameworks";
			outputFileListPaths = (
				"${PODS_ROOT}/Target Support Files/Pods-JustAnotherMeteoApp/Pods-JustAnotherMeteoApp-frameworks-${CONFIGURATION}-output-files.xcfilelist",
			);
			runOnlyForDeploymentPostprocessing = 0;
			shellPath = /bin/sh;
			shellScript = "\"${PODS_ROOT}/Target Support Files/Pods-JustAnotherMeteoApp/Pods-JustAnotherMeteoApp-frameworks.sh\"\n";
			showEnvVarsInLog = 0;
		};
		41F75F74615D221264450C44 /* [CP] Check Pods Manifest.lock */ = {
			isa = PBXShellScriptBuildPhase;
			buildActionMask = 2147483647;
			files = (
			);
			inputFileListPaths = (
			);
			inputPaths = (
				"${PODS_PODFILE_DIR_PATH}/Podfile.lock",
				"${PODS_ROOT}/Manifest.lock",
			);
			name = "[CP] Check Pods Manifest.lock";
			outputFileListPaths = (
			);
			outputPaths = (
				"$(DERIVED_FILE_DIR)/Pods-JustAnotherMeteoAppTests-checkManifestLockResult.txt",
			);
			runOnlyForDeploymentPostprocessing = 0;
			shellPath = /bin/sh;
			shellScript = "diff \"${PODS_PODFILE_DIR_PATH}/Podfile.lock\" \"${PODS_ROOT}/Manifest.lock\" > /dev/null\nif [ $? != 0 ] ; then\n    # print error to STDERR\n    echo \"error: The sandbox is not in sync with the Podfile.lock. Run 'pod install' or update your CocoaPods installation.\" >&2\n    exit 1\nfi\n# This output is used by Xcode 'outputs' to avoid re-running this script phase.\necho \"SUCCESS\" > \"${SCRIPT_OUTPUT_FILE_0}\"\n";
			showEnvVarsInLog = 0;
		};
		5758105958353C457AC83AA8 /* [CP] Embed Pods Frameworks */ = {
			isa = PBXShellScriptBuildPhase;
			buildActionMask = 2147483647;
			files = (
			);
			inputFileListPaths = (
				"${PODS_ROOT}/Target Support Files/Pods-JustAnotherMeteoApp-JustAnotherMeteoAppUITests/Pods-JustAnotherMeteoApp-JustAnotherMeteoAppUITests-frameworks-${CONFIGURATION}-input-files.xcfilelist",
			);
			name = "[CP] Embed Pods Frameworks";
			outputFileListPaths = (
				"${PODS_ROOT}/Target Support Files/Pods-JustAnotherMeteoApp-JustAnotherMeteoAppUITests/Pods-JustAnotherMeteoApp-JustAnotherMeteoAppUITests-frameworks-${CONFIGURATION}-output-files.xcfilelist",
			);
			runOnlyForDeploymentPostprocessing = 0;
			shellPath = /bin/sh;
			shellScript = "\"${PODS_ROOT}/Target Support Files/Pods-JustAnotherMeteoApp-JustAnotherMeteoAppUITests/Pods-JustAnotherMeteoApp-JustAnotherMeteoAppUITests-frameworks.sh\"\n";
			showEnvVarsInLog = 0;
		};
		7F6B4F88C58DFFF52F32423F /* [CP] Check Pods Manifest.lock */ = {
			isa = PBXShellScriptBuildPhase;
			buildActionMask = 2147483647;
			files = (
			);
			inputFileListPaths = (
			);
			inputPaths = (
				"${PODS_PODFILE_DIR_PATH}/Podfile.lock",
				"${PODS_ROOT}/Manifest.lock",
			);
			name = "[CP] Check Pods Manifest.lock";
			outputFileListPaths = (
			);
			outputPaths = (
				"$(DERIVED_FILE_DIR)/Pods-JustAnotherMeteoApp-JustAnotherMeteoAppUITests-checkManifestLockResult.txt",
			);
			runOnlyForDeploymentPostprocessing = 0;
			shellPath = /bin/sh;
			shellScript = "diff \"${PODS_PODFILE_DIR_PATH}/Podfile.lock\" \"${PODS_ROOT}/Manifest.lock\" > /dev/null\nif [ $? != 0 ] ; then\n    # print error to STDERR\n    echo \"error: The sandbox is not in sync with the Podfile.lock. Run 'pod install' or update your CocoaPods installation.\" >&2\n    exit 1\nfi\n# This output is used by Xcode 'outputs' to avoid re-running this script phase.\necho \"SUCCESS\" > \"${SCRIPT_OUTPUT_FILE_0}\"\n";
			showEnvVarsInLog = 0;
		};
		9C72EA6D2D84D61DD94EF587 /* [CP] Check Pods Manifest.lock */ = {
			isa = PBXShellScriptBuildPhase;
			buildActionMask = 2147483647;
			files = (
			);
			inputFileListPaths = (
			);
			inputPaths = (
				"${PODS_PODFILE_DIR_PATH}/Podfile.lock",
				"${PODS_ROOT}/Manifest.lock",
			);
			name = "[CP] Check Pods Manifest.lock";
			outputFileListPaths = (
			);
			outputPaths = (
				"$(DERIVED_FILE_DIR)/Pods-JustAnotherMeteoApp-checkManifestLockResult.txt",
			);
			runOnlyForDeploymentPostprocessing = 0;
			shellPath = /bin/sh;
			shellScript = "diff \"${PODS_PODFILE_DIR_PATH}/Podfile.lock\" \"${PODS_ROOT}/Manifest.lock\" > /dev/null\nif [ $? != 0 ] ; then\n    # print error to STDERR\n    echo \"error: The sandbox is not in sync with the Podfile.lock. Run 'pod install' or update your CocoaPods installation.\" >&2\n    exit 1\nfi\n# This output is used by Xcode 'outputs' to avoid re-running this script phase.\necho \"SUCCESS\" > \"${SCRIPT_OUTPUT_FILE_0}\"\n";
			showEnvVarsInLog = 0;
		};
/* End PBXShellScriptBuildPhase section */

/* Begin PBXSourcesBuildPhase section */
		47294E7625783B9F0003DE5F /* Sources */ = {
			isa = PBXSourcesBuildPhase;
			buildActionMask = 2147483647;
			files = (
				47A23BE7257F9D5E00A2B682 /* ForecastsProtocols.swift in Sources */,
				47A23BE8257F9D5E00A2B682 /* ForecastsInteractor.swift in Sources */,
				47260569257D5AB700B4C874 /* NetworkConstants.swift in Sources */,
				47294E8225783B9F0003DE5F /* ViewController.swift in Sources */,
				474AC397257D49CF000C6CD7 /* HomeNetworkManager.swift in Sources */,
				47294E7E25783B9F0003DE5F /* AppDelegate.swift in Sources */,
				4726058F257ED1F400B4C874 /* Forecast.swift in Sources */,
				47A23BE9257F9D5E00A2B682 /* ForecastsEntities.swift in Sources */,
				474AC39E257D49CF000C6CD7 /* HomeWireframe.swift in Sources */,
				47A23BE5257F9D5E00A2B682 /* ForecastsPresenter.swift in Sources */,
				474AC39B257D49CF000C6CD7 /* HomeInteractor.swift in Sources */,
				474AC398257D49CF000C6CD7 /* HomePresenter.swift in Sources */,
				474AC39A257D49CF000C6CD7 /* HomeProtocols.swift in Sources */,
				4726056A257D5AB700B4C874 /* NetworkClient.swift in Sources */,
				478F97D7257FD8CE00CD1DBA /* UIViewControllerExtensions.swift in Sources */,
				4726058A257ED0D700B4C874 /* City.swift in Sources */,
				47260571257EC2AE00B4C874 /* WeatherAPI.swift in Sources */,
				47A23BE6257F9D5E00A2B682 /* ForecastsViewController.swift in Sources */,
				47260585257ED07000B4C874 /* ForecastsResponse.swift in Sources */,
				47260576257EC2BE00B4C874 /* WeatherAPIClient.swift in Sources */,
				47A23BEA257F9D5E00A2B682 /* ForecastsWireframe.swift in Sources */,
				47260568257D5AB700B4C874 /* APIConfiguration.swift in Sources */,
				47A23BE4257F9D5E00A2B682 /* ForecastsNetworkManager.swift in Sources */,
				478F97D2257FD51E00CD1DBA /* UIViewExtensions.swift in Sources */,
				4726059C257F833100B4C874 /* Weather.swift in Sources */,
				474AC39C257D49CF000C6CD7 /* HomeEntities.swift in Sources */,
				47A23BF0257FCB4200A2B682 /* ForecastTableViewCell.swift in Sources */,
				478060362580220600D74465 /* Helpers.swift in Sources */,
				478F97EA257FE93100CD1DBA /* ForecastTVHeaderFooterView.swift in Sources */,
				47294E8025783B9F0003DE5F /* SceneDelegate.swift in Sources */,
				474AC399257D49CF000C6CD7 /* HomeViewController.swift in Sources */,
				478F97DC257FDD9D00CD1DBA /* UITableViewCellExtensions.swift in Sources */,
			);
			runOnlyForDeploymentPostprocessing = 0;
		};
		47294E8C25783BA20003DE5F /* Sources */ = {
			isa = PBXSourcesBuildPhase;
			buildActionMask = 2147483647;
			files = (
				47260594257EDC5300B4C874 /* NetworkTests.swift in Sources */,
				47294E9525783BA20003DE5F /* JustAnotherMeteoAppTests.swift in Sources */,
			);
			runOnlyForDeploymentPostprocessing = 0;
		};
		47294E9725783BA20003DE5F /* Sources */ = {
			isa = PBXSourcesBuildPhase;
			buildActionMask = 2147483647;
			files = (
				47294EA025783BA20003DE5F /* JustAnotherMeteoAppUITests.swift in Sources */,
			);
			runOnlyForDeploymentPostprocessing = 0;
		};
/* End PBXSourcesBuildPhase section */

/* Begin PBXTargetDependency section */
		47294E9225783BA20003DE5F /* PBXTargetDependency */ = {
			isa = PBXTargetDependency;
			target = 47294E7925783B9F0003DE5F /* JustAnotherMeteoApp */;
			targetProxy = 47294E9125783BA20003DE5F /* PBXContainerItemProxy */;
		};
		47294E9D25783BA20003DE5F /* PBXTargetDependency */ = {
			isa = PBXTargetDependency;
			target = 47294E7925783B9F0003DE5F /* JustAnotherMeteoApp */;
			targetProxy = 47294E9C25783BA20003DE5F /* PBXContainerItemProxy */;
		};
/* End PBXTargetDependency section */

/* Begin PBXVariantGroup section */
		47294E8325783B9F0003DE5F /* Main.storyboard */ = {
			isa = PBXVariantGroup;
			children = (
				47294E8425783B9F0003DE5F /* Base */,
			);
			name = Main.storyboard;
			sourceTree = "<group>";
		};
		47294E8825783BA20003DE5F /* LaunchScreen.storyboard */ = {
			isa = PBXVariantGroup;
			children = (
				47294E8925783BA20003DE5F /* Base */,
			);
			name = LaunchScreen.storyboard;
			sourceTree = "<group>";
		};
/* End PBXVariantGroup section */

/* Begin XCBuildConfiguration section */
		47294EA225783BA20003DE5F /* Debug */ = {
			isa = XCBuildConfiguration;
			buildSettings = {
				ALWAYS_EMBED_SWIFT_STANDARD_LIBRARIES = YES;
				ALWAYS_SEARCH_USER_PATHS = NO;
				CLANG_ANALYZER_NONNULL = YES;
				CLANG_ANALYZER_NUMBER_OBJECT_CONVERSION = YES_AGGRESSIVE;
				CLANG_CXX_LANGUAGE_STANDARD = "gnu++14";
				CLANG_CXX_LIBRARY = "libc++";
				CLANG_ENABLE_MODULES = YES;
				CLANG_ENABLE_OBJC_ARC = YES;
				CLANG_ENABLE_OBJC_WEAK = YES;
				CLANG_WARN_BLOCK_CAPTURE_AUTORELEASING = YES;
				CLANG_WARN_BOOL_CONVERSION = YES;
				CLANG_WARN_COMMA = YES;
				CLANG_WARN_CONSTANT_CONVERSION = YES;
				CLANG_WARN_DEPRECATED_OBJC_IMPLEMENTATIONS = YES;
				CLANG_WARN_DIRECT_OBJC_ISA_USAGE = YES_ERROR;
				CLANG_WARN_DOCUMENTATION_COMMENTS = YES;
				CLANG_WARN_EMPTY_BODY = YES;
				CLANG_WARN_ENUM_CONVERSION = YES;
				CLANG_WARN_INFINITE_RECURSION = YES;
				CLANG_WARN_INT_CONVERSION = YES;
				CLANG_WARN_NON_LITERAL_NULL_CONVERSION = YES;
				CLANG_WARN_OBJC_IMPLICIT_RETAIN_SELF = YES;
				CLANG_WARN_OBJC_LITERAL_CONVERSION = YES;
				CLANG_WARN_OBJC_ROOT_CLASS = YES_ERROR;
				CLANG_WARN_QUOTED_INCLUDE_IN_FRAMEWORK_HEADER = YES;
				CLANG_WARN_RANGE_LOOP_ANALYSIS = YES;
				CLANG_WARN_STRICT_PROTOTYPES = YES;
				CLANG_WARN_SUSPICIOUS_MOVE = YES;
				CLANG_WARN_UNGUARDED_AVAILABILITY = YES_AGGRESSIVE;
				CLANG_WARN_UNREACHABLE_CODE = YES;
				CLANG_WARN__DUPLICATE_METHOD_MATCH = YES;
				COPY_PHASE_STRIP = NO;
				DEBUG_INFORMATION_FORMAT = dwarf;
				ENABLE_STRICT_OBJC_MSGSEND = YES;
				ENABLE_TESTABILITY = YES;
				GCC_C_LANGUAGE_STANDARD = gnu11;
				GCC_DYNAMIC_NO_PIC = NO;
				GCC_NO_COMMON_BLOCKS = YES;
				GCC_OPTIMIZATION_LEVEL = 0;
				GCC_PREPROCESSOR_DEFINITIONS = (
					"DEBUG=1",
					"$(inherited)",
				);
				GCC_WARN_64_TO_32_BIT_CONVERSION = YES;
				GCC_WARN_ABOUT_RETURN_TYPE = YES_ERROR;
				GCC_WARN_UNDECLARED_SELECTOR = YES;
				GCC_WARN_UNINITIALIZED_AUTOS = YES_AGGRESSIVE;
				GCC_WARN_UNUSED_FUNCTION = YES;
				GCC_WARN_UNUSED_VARIABLE = YES;
				IPHONEOS_DEPLOYMENT_TARGET = 14.0;
				MTL_ENABLE_DEBUG_INFO = INCLUDE_SOURCE;
				MTL_FAST_MATH = YES;
				ONLY_ACTIVE_ARCH = YES;
				SDKROOT = iphoneos;
				SWIFT_ACTIVE_COMPILATION_CONDITIONS = DEBUG;
				SWIFT_OPTIMIZATION_LEVEL = "-Onone";
			};
			name = Debug;
		};
		47294EA325783BA20003DE5F /* Release */ = {
			isa = XCBuildConfiguration;
			buildSettings = {
				ALWAYS_EMBED_SWIFT_STANDARD_LIBRARIES = YES;
				ALWAYS_SEARCH_USER_PATHS = NO;
				CLANG_ANALYZER_NONNULL = YES;
				CLANG_ANALYZER_NUMBER_OBJECT_CONVERSION = YES_AGGRESSIVE;
				CLANG_CXX_LANGUAGE_STANDARD = "gnu++14";
				CLANG_CXX_LIBRARY = "libc++";
				CLANG_ENABLE_MODULES = YES;
				CLANG_ENABLE_OBJC_ARC = YES;
				CLANG_ENABLE_OBJC_WEAK = YES;
				CLANG_WARN_BLOCK_CAPTURE_AUTORELEASING = YES;
				CLANG_WARN_BOOL_CONVERSION = YES;
				CLANG_WARN_COMMA = YES;
				CLANG_WARN_CONSTANT_CONVERSION = YES;
				CLANG_WARN_DEPRECATED_OBJC_IMPLEMENTATIONS = YES;
				CLANG_WARN_DIRECT_OBJC_ISA_USAGE = YES_ERROR;
				CLANG_WARN_DOCUMENTATION_COMMENTS = YES;
				CLANG_WARN_EMPTY_BODY = YES;
				CLANG_WARN_ENUM_CONVERSION = YES;
				CLANG_WARN_INFINITE_RECURSION = YES;
				CLANG_WARN_INT_CONVERSION = YES;
				CLANG_WARN_NON_LITERAL_NULL_CONVERSION = YES;
				CLANG_WARN_OBJC_IMPLICIT_RETAIN_SELF = YES;
				CLANG_WARN_OBJC_LITERAL_CONVERSION = YES;
				CLANG_WARN_OBJC_ROOT_CLASS = YES_ERROR;
				CLANG_WARN_QUOTED_INCLUDE_IN_FRAMEWORK_HEADER = YES;
				CLANG_WARN_RANGE_LOOP_ANALYSIS = YES;
				CLANG_WARN_STRICT_PROTOTYPES = YES;
				CLANG_WARN_SUSPICIOUS_MOVE = YES;
				CLANG_WARN_UNGUARDED_AVAILABILITY = YES_AGGRESSIVE;
				CLANG_WARN_UNREACHABLE_CODE = YES;
				CLANG_WARN__DUPLICATE_METHOD_MATCH = YES;
				COPY_PHASE_STRIP = NO;
				DEBUG_INFORMATION_FORMAT = "dwarf-with-dsym";
				ENABLE_NS_ASSERTIONS = NO;
				ENABLE_STRICT_OBJC_MSGSEND = YES;
				GCC_C_LANGUAGE_STANDARD = gnu11;
				GCC_NO_COMMON_BLOCKS = YES;
				GCC_WARN_64_TO_32_BIT_CONVERSION = YES;
				GCC_WARN_ABOUT_RETURN_TYPE = YES_ERROR;
				GCC_WARN_UNDECLARED_SELECTOR = YES;
				GCC_WARN_UNINITIALIZED_AUTOS = YES_AGGRESSIVE;
				GCC_WARN_UNUSED_FUNCTION = YES;
				GCC_WARN_UNUSED_VARIABLE = YES;
				IPHONEOS_DEPLOYMENT_TARGET = 14.0;
				MTL_ENABLE_DEBUG_INFO = NO;
				MTL_FAST_MATH = YES;
				SDKROOT = iphoneos;
				SWIFT_COMPILATION_MODE = wholemodule;
				SWIFT_OPTIMIZATION_LEVEL = "-O";
				VALIDATE_PRODUCT = YES;
			};
			name = Release;
		};
		47294EA525783BA20003DE5F /* Debug */ = {
			isa = XCBuildConfiguration;
			baseConfigurationReference = 3D5219952FFC6A41DC6487A7 /* Pods-JustAnotherMeteoApp.debug.xcconfig */;
			buildSettings = {
				ASSETCATALOG_COMPILER_APPICON_NAME = AppIcon;
				ASSETCATALOG_COMPILER_GLOBAL_ACCENT_COLOR_NAME = AccentColor;
				CODE_SIGN_STYLE = Automatic;
				DEVELOPMENT_TEAM = 55RTRQD8P6;
				INFOPLIST_FILE = JustAnotherMeteoApp/Info.plist;
				LD_RUNPATH_SEARCH_PATHS = (
					"$(inherited)",
					"@executable_path/Frameworks",
				);
				PRODUCT_BUNDLE_IDENTIFIER = com.matteogazzato.JustAnotherMeteoApp;
				PRODUCT_NAME = "$(TARGET_NAME)";
				SWIFT_VERSION = 5.0;
				TARGETED_DEVICE_FAMILY = "1,2";
			};
			name = Debug;
		};
		47294EA625783BA20003DE5F /* Release */ = {
			isa = XCBuildConfiguration;
			baseConfigurationReference = 36D04DA7FD6C4DDA2A1EFF0F /* Pods-JustAnotherMeteoApp.release.xcconfig */;
			buildSettings = {
				ASSETCATALOG_COMPILER_APPICON_NAME = AppIcon;
				ASSETCATALOG_COMPILER_GLOBAL_ACCENT_COLOR_NAME = AccentColor;
				CODE_SIGN_STYLE = Automatic;
				DEVELOPMENT_TEAM = 55RTRQD8P6;
				INFOPLIST_FILE = JustAnotherMeteoApp/Info.plist;
				LD_RUNPATH_SEARCH_PATHS = (
					"$(inherited)",
					"@executable_path/Frameworks",
				);
				PRODUCT_BUNDLE_IDENTIFIER = com.matteogazzato.JustAnotherMeteoApp;
				PRODUCT_NAME = "$(TARGET_NAME)";
				SWIFT_VERSION = 5.0;
				TARGETED_DEVICE_FAMILY = "1,2";
			};
			name = Release;
		};
		47294EA825783BA20003DE5F /* Debug */ = {
			isa = XCBuildConfiguration;
			baseConfigurationReference = 1342BBB4BDEBFAD423189E6A /* Pods-JustAnotherMeteoAppTests.debug.xcconfig */;
			buildSettings = {
				ALWAYS_EMBED_SWIFT_STANDARD_LIBRARIES = YES;
				BUNDLE_LOADER = "$(TEST_HOST)";
				CODE_SIGN_STYLE = Automatic;
				DEVELOPMENT_TEAM = 55RTRQD8P6;
				INFOPLIST_FILE = JustAnotherMeteoAppTests/Info.plist;
				IPHONEOS_DEPLOYMENT_TARGET = 14.0;
				LD_RUNPATH_SEARCH_PATHS = (
					"$(inherited)",
					"@executable_path/Frameworks",
					"@loader_path/Frameworks",
				);
				PRODUCT_BUNDLE_IDENTIFIER = com.matteogazzato.JustAnotherMeteoAppTests;
				PRODUCT_NAME = "$(TARGET_NAME)";
				SWIFT_VERSION = 5.0;
				TARGETED_DEVICE_FAMILY = "1,2";
				TEST_HOST = "$(BUILT_PRODUCTS_DIR)/JustAnotherMeteoApp.app/JustAnotherMeteoApp";
			};
			name = Debug;
		};
		47294EA925783BA20003DE5F /* Release */ = {
			isa = XCBuildConfiguration;
			baseConfigurationReference = E3055BD6200B90C32803D0EB /* Pods-JustAnotherMeteoAppTests.release.xcconfig */;
			buildSettings = {
				ALWAYS_EMBED_SWIFT_STANDARD_LIBRARIES = YES;
				BUNDLE_LOADER = "$(TEST_HOST)";
				CODE_SIGN_STYLE = Automatic;
				DEVELOPMENT_TEAM = 55RTRQD8P6;
				INFOPLIST_FILE = JustAnotherMeteoAppTests/Info.plist;
				IPHONEOS_DEPLOYMENT_TARGET = 14.0;
				LD_RUNPATH_SEARCH_PATHS = (
					"$(inherited)",
					"@executable_path/Frameworks",
					"@loader_path/Frameworks",
				);
				PRODUCT_BUNDLE_IDENTIFIER = com.matteogazzato.JustAnotherMeteoAppTests;
				PRODUCT_NAME = "$(TARGET_NAME)";
				SWIFT_VERSION = 5.0;
				TARGETED_DEVICE_FAMILY = "1,2";
				TEST_HOST = "$(BUILT_PRODUCTS_DIR)/JustAnotherMeteoApp.app/JustAnotherMeteoApp";
			};
			name = Release;
		};
		47294EAB25783BA20003DE5F /* Debug */ = {
			isa = XCBuildConfiguration;
			baseConfigurationReference = EC3A62BF0657D0983D031CEA /* Pods-JustAnotherMeteoApp-JustAnotherMeteoAppUITests.debug.xcconfig */;
			buildSettings = {
				ALWAYS_EMBED_SWIFT_STANDARD_LIBRARIES = YES;
				CODE_SIGN_STYLE = Automatic;
				DEVELOPMENT_TEAM = 55RTRQD8P6;
				INFOPLIST_FILE = JustAnotherMeteoAppUITests/Info.plist;
				LD_RUNPATH_SEARCH_PATHS = (
					"$(inherited)",
					"@executable_path/Frameworks",
					"@loader_path/Frameworks",
				);
				PRODUCT_BUNDLE_IDENTIFIER = com.matteogazzato.JustAnotherMeteoAppUITests;
				PRODUCT_NAME = "$(TARGET_NAME)";
				SWIFT_VERSION = 5.0;
				TARGETED_DEVICE_FAMILY = "1,2";
				TEST_TARGET_NAME = JustAnotherMeteoApp;
			};
			name = Debug;
		};
		47294EAC25783BA20003DE5F /* Release */ = {
			isa = XCBuildConfiguration;
			baseConfigurationReference = 15B5D32AE124FEDF90C4BF72 /* Pods-JustAnotherMeteoApp-JustAnotherMeteoAppUITests.release.xcconfig */;
			buildSettings = {
				ALWAYS_EMBED_SWIFT_STANDARD_LIBRARIES = YES;
				CODE_SIGN_STYLE = Automatic;
				DEVELOPMENT_TEAM = 55RTRQD8P6;
				INFOPLIST_FILE = JustAnotherMeteoAppUITests/Info.plist;
				LD_RUNPATH_SEARCH_PATHS = (
					"$(inherited)",
					"@executable_path/Frameworks",
					"@loader_path/Frameworks",
				);
				PRODUCT_BUNDLE_IDENTIFIER = com.matteogazzato.JustAnotherMeteoAppUITests;
				PRODUCT_NAME = "$(TARGET_NAME)";
				SWIFT_VERSION = 5.0;
				TARGETED_DEVICE_FAMILY = "1,2";
				TEST_TARGET_NAME = JustAnotherMeteoApp;
			};
			name = Release;
		};
/* End XCBuildConfiguration section */

/* Begin XCConfigurationList section */
		47294E7525783B9F0003DE5F /* Build configuration list for PBXProject "JustAnotherMeteoApp" */ = {
			isa = XCConfigurationList;
			buildConfigurations = (
				47294EA225783BA20003DE5F /* Debug */,
				47294EA325783BA20003DE5F /* Release */,
			);
			defaultConfigurationIsVisible = 0;
			defaultConfigurationName = Release;
		};
		47294EA425783BA20003DE5F /* Build configuration list for PBXNativeTarget "JustAnotherMeteoApp" */ = {
			isa = XCConfigurationList;
			buildConfigurations = (
				47294EA525783BA20003DE5F /* Debug */,
				47294EA625783BA20003DE5F /* Release */,
			);
			defaultConfigurationIsVisible = 0;
			defaultConfigurationName = Release;
		};
		47294EA725783BA20003DE5F /* Build configuration list for PBXNativeTarget "JustAnotherMeteoAppTests" */ = {
			isa = XCConfigurationList;
			buildConfigurations = (
				47294EA825783BA20003DE5F /* Debug */,
				47294EA925783BA20003DE5F /* Release */,
			);
			defaultConfigurationIsVisible = 0;
			defaultConfigurationName = Release;
		};
		47294EAA25783BA20003DE5F /* Build configuration list for PBXNativeTarget "JustAnotherMeteoAppUITests" */ = {
			isa = XCConfigurationList;
			buildConfigurations = (
				47294EAB25783BA20003DE5F /* Debug */,
				47294EAC25783BA20003DE5F /* Release */,
			);
			defaultConfigurationIsVisible = 0;
			defaultConfigurationName = Release;
		};
/* End XCConfigurationList section */
	};
	rootObject = 47294E7225783B9F0003DE5F /* Project object */;
}
